PODS:
  - Alamofire (4.5.1)
  - Kingfisher (4.2.0)
  - MBProgressHUD (1.0.0)
  - ObjectMapper (3.0.0)

DEPENDENCIES:
  - Alamofire
  - Kingfisher
  - MBProgressHUD
  - ObjectMapper

SPEC CHECKSUMS:
  Alamofire: 2d95912bf4c34f164fdfc335872e8c312acaea4a
  Kingfisher: 9ee7e788d8ba07c3f21ce0d43f33cec310a4f781
  MBProgressHUD: 4890f671c94e8a0f3cf959aa731e9de2f036d71a
  ObjectMapper: 92230db59bf8f341a5c3a3cf0b9fbdde3cf0d87f

PODFILE CHECKSUM: 3b08dac5756af13ad9b2d4e7bdb477f0d2faf7e1

COCOAPODS: 1.3.1
